
Microsoft Visual Studio Solution File, Format Version 12.00
# Visual Studio Version 17
VisualStudioVersion = 17.5.002.0
MinimumVisualStudioVersion = 10.0.40219.1
Project("{9A19103F-16F7-4668-BE54-9A1E7A4F7556}") = "backEnd_EM", "backEnd_EM\backEnd_EM.csproj", "{E2BC6CA5-05BB-45EC-8EC0-9AEA5CF46BEF}"
EndProject
Global
	GlobalSection(SolutionConfigurationPlatforms) = preSolution
		Debug|Any CPU = Debug|Any CPU
		Release|Any CPU = Release|Any CPU
	EndGlobalSection
	GlobalSection(ProjectConfigurationPlatforms) = postSolution
		{E2BC6CA5-05BB-45EC-8EC0-9AEA5CF46BEF}.Debug|Any CPU.ActiveCfg = Debug|Any CPU
		{E2BC6CA5-05BB-45EC-8EC0-9AEA5CF46BEF}.Debug|Any CPU.Build.0 = Debug|Any CPU
		{E2BC6CA5-05BB-45EC-8EC0-9AEA5CF46BEF}.Release|Any CPU.ActiveCfg = Release|Any CPU
		{E2BC6CA5-05BB-45EC-8EC0-9AEA5CF46BEF}.Release|Any CPU.Build.0 = Release|Any CPU
	EndGlobalSection
	GlobalSection(SolutionProperties) = preSolution
		HideSolutionNode = FALSE
	EndGlobalSection
	GlobalSection(ExtensibilityGlobals) = postSolution
		SolutionGuid = {E323B491-41F4-4F1B-BDCC-38943A786BB9}
	EndGlobalSection
EndGlobal
